
Microsoft Visual Studio Solution File, Format Version 12.00
Project("{FAE04EC0-301F-11D3-BF4B-00C04F79EFBC}") = "NewsAPI", "NewsAPI\NewsAPI.csproj", "{51B34E64-12E2-4E0F-8BD3-C599089123BF}"
EndProject
Global
	GlobalSection(SolutionConfigurationPlatforms) = preSolution
		Debug|Any CPU = Debug|Any CPU
		Release|Any CPU = Release|Any CPU
	EndGlobalSection
	GlobalSection(ProjectConfigurationPlatforms) = postSolution
		{51B34E64-12E2-4E0F-8BD3-C599089123BF}.Debug|Any CPU.ActiveCfg = Debug|Any CPU
		{51B34E64-12E2-4E0F-8BD3-C599089123BF}.Debug|Any CPU.Build.0 = Debug|Any CPU
		{51B34E64-12E2-4E0F-8BD3-C599089123BF}.Release|Any CPU.ActiveCfg = Release|Any CPU
		{51B34E64-12E2-4E0F-8BD3-C599089123BF}.Release|Any CPU.Build.0 = Release|Any CPU
	EndGlobalSection
EndGlobal
